
Microsoft Visual Studio Solution File, Format Version 12.00
# Visual Studio Version 17
VisualStudioVersion = 17.9.34728.123
MinimumVisualStudioVersion = 10.0.40219.1
Project("{9A19103F-16F7-4668-BE54-9A1E7A4F7556}") = "BasicApp.API", "BasicApp.API\BasicApp.API.csproj", "{2EFB032F-A110-42FC-9158-F5D53F34A4F4}"
EndProject
Project("{9A19103F-16F7-4668-BE54-9A1E7A4F7556}") = "BasicApp.Data", "BasicApp.Data\BasicApp.Data.csproj", "{9DF78E39-A51F-4B41-A039-FE7ABA47C8A9}"
EndProject
Project("{FAE04EC0-301F-11D3-BF4B-00C04F79EFBC}") = "BasicApp.Helpers", "BasicApp.Helpers\BasicApp.Helpers.csproj", "{069BD8F0-001A-4D31-8C6E-E24635D48629}"
EndProject
Global
	GlobalSection(SolutionConfigurationPlatforms) = preSolution
		Debug|Any CPU = Debug|Any CPU
		Release|Any CPU = Release|Any CPU
	EndGlobalSection
	GlobalSection(ProjectConfigurationPlatforms) = postSolution
		{2EFB032F-A110-42FC-9158-F5D53F34A4F4}.Debug|Any CPU.ActiveCfg = Debug|Any CPU
		{2EFB032F-A110-42FC-9158-F5D53F34A4F4}.Debug|Any CPU.Build.0 = Debug|Any CPU
		{2EFB032F-A110-42FC-9158-F5D53F34A4F4}.Release|Any CPU.ActiveCfg = Release|Any CPU
		{2EFB032F-A110-42FC-9158-F5D53F34A4F4}.Release|Any CPU.Build.0 = Release|Any CPU
		{9DF78E39-A51F-4B41-A039-FE7ABA47C8A9}.Debug|Any CPU.ActiveCfg = Debug|Any CPU
		{9DF78E39-A51F-4B41-A039-FE7ABA47C8A9}.Debug|Any CPU.Build.0 = Debug|Any CPU
		{9DF78E39-A51F-4B41-A039-FE7ABA47C8A9}.Release|Any CPU.ActiveCfg = Release|Any CPU
		{9DF78E39-A51F-4B41-A039-FE7ABA47C8A9}.Release|Any CPU.Build.0 = Release|Any CPU
		{069BD8F0-001A-4D31-8C6E-E24635D48629}.Debug|Any CPU.ActiveCfg = Debug|Any CPU
		{069BD8F0-001A-4D31-8C6E-E24635D48629}.Debug|Any CPU.Build.0 = Debug|Any CPU
		{069BD8F0-001A-4D31-8C6E-E24635D48629}.Release|Any CPU.ActiveCfg = Release|Any CPU
		{069BD8F0-001A-4D31-8C6E-E24635D48629}.Release|Any CPU.Build.0 = Release|Any CPU
	EndGlobalSection
	GlobalSection(SolutionProperties) = preSolution
		HideSolutionNode = FALSE
	EndGlobalSection
	GlobalSection(ExtensibilityGlobals) = postSolution
		SolutionGuid = {93E29807-9EFA-4C9B-A8C4-AE08BB1B2F92}
	EndGlobalSection
EndGlobal
